PODS:
  - Flutter (1.0.0)
  - flutter_tts (0.0.1):
    - Flutter
  - fluttertoast (0.0.2):
    - Flutter
    - Toast
  - speech_to_text (0.0.1):
    - Flutter
    - Try
  - Toast (4.0.0)
  - Try (2.1.1)
  - url_launcher_ios (0.0.1):
    - Flutter

DEPENDENCIES:
  - Flutter (from `Flutter`)
  - flutter_tts (from `.symlinks/plugins/flutter_tts/ios`)
  - fluttertoast (from `.symlinks/plugins/fluttertoast/ios`)
  - speech_to_text (from `.symlinks/plugins/speech_to_text/ios`)
  - url_launcher_ios (from `.symlinks/plugins/url_launcher_ios/ios`)

SPEC REPOS:
  trunk:
    - Toast
    - Try

EXTERNAL SOURCES:
  Flutter:
    :path: Flutter
  flutter_tts:
    :path: ".symlinks/plugins/flutter_tts/ios"
  fluttertoast:
    :path: ".symlinks/plugins/fluttertoast/ios"
  speech_to_text:
    :path: ".symlinks/plugins/speech_to_text/ios"
  url_launcher_ios:
    :path: ".symlinks/plugins/url_launcher_ios/ios"

SPEC CHECKSUMS:
  Flutter: f04841e97a9d0b0a8025694d0796dd46242b2854
  flutter_tts: 0f492aab6accf87059b72354fcb4ba934304771d
  fluttertoast: fafc4fa4d01a6a9e4f772ecd190ffa525e9e2d9c
  speech_to_text: b43a7d99aef037bd758ed8e45d79bbac035d2dfe
  Toast: 91b396c56ee72a5790816f40d3a94dd357abc196
  Try: 5ef669ae832617b3cee58cb2c6f99fb767a4ff96
  url_launcher_ios: 08a3dfac5fb39e8759aeb0abbd5d9480f30fc8b4

PODFILE CHECKSUM: 70d9d25280d0dd177a5f637cdb0f0b0b12c6a189

COCOAPODS: 1.11.3
